
Microsoft Visual Studio Solution File, Format Version 12.00
Project("{FAE04EC0-301F-11D3-BF4B-00C04F79EFBC}") = "TruckTransportation", "TruckTransportation\TruckTransportation.csproj", "{4D761166-6DF1-415D-A21C-E366B7FF010A}"
EndProject
Project("{2150E333-8FDC-42A3-9474-1A3956D46DE8}") = "Modules", "Modules", "{72B8CBA7-6840-4B97-B3BF-F71CC9B006BE}"
EndProject
Project("{2150E333-8FDC-42A3-9474-1A3956D46DE8}") = "Shared", "Shared", "{8DC8075E-043F-415E-8736-78D6D7A902D5}"
EndProject
Project("{FAE04EC0-301F-11D3-BF4B-00C04F79EFBC}") = "Shared.Core", "Shared.Core\Shared.Core.csproj", "{56F0CB28-80E5-4AF6-B5EA-0B99C5FFBC0B}"
EndProject
Project("{FAE04EC0-301F-11D3-BF4B-00C04F79EFBC}") = "Shared.Context", "Shared.Context\Shared.Context.csproj", "{786D84B5-70A0-4553-8CF1-735A5D106D03}"
EndProject
Project("{FAE04EC0-301F-11D3-BF4B-00C04F79EFBC}") = "Shared.Repository", "Shared.Repository\Shared.Repository.csproj", "{7598B1DC-E311-4EC7-AEA3-53BE022451FE}"
EndProject
Project("{2150E333-8FDC-42A3-9474-1A3956D46DE8}") = "Truck", "Truck", "{93D24087-8FF3-44ED-AD9E-836B7636B326}"
EndProject
Project("{2150E333-8FDC-42A3-9474-1A3956D46DE8}") = "Seller", "Seller", "{FEBA24D9-43C2-411B-8447-1DEE76322378}"
EndProject
Project("{2150E333-8FDC-42A3-9474-1A3956D46DE8}") = "Dictionary", "Dictionary", "{7897F40A-FA1E-45D1-AD45-CA33F9C84ABA}"
EndProject
Project("{2150E333-8FDC-42A3-9474-1A3956D46DE8}") = "Admin", "Admin", "{87B5CB59-6ED2-4072-9845-CC181397FAD6}"
EndProject
Project("{FAE04EC0-301F-11D3-BF4B-00C04F79EFBC}") = "Admin.App", "Admin.App\Admin.App.csproj", "{EACFBA0B-20FF-4527-B7F1-2E7649DCED24}"
EndProject
Project("{FAE04EC0-301F-11D3-BF4B-00C04F79EFBC}") = "Admin.Domain", "Admin.Domain\Admin.Domain.csproj", "{11933423-D328-4153-A25A-56B2B54D39FA}"
EndProject
Project("{FAE04EC0-301F-11D3-BF4B-00C04F79EFBC}") = "Seller.App", "Seller.App\Seller.App.csproj", "{D3E5C042-A497-4A4F-9D17-AD901AE56293}"
EndProject
Project("{FAE04EC0-301F-11D3-BF4B-00C04F79EFBC}") = "Seller.Domain", "Seller.Domain\Seller.Domain.csproj", "{FB543353-5C11-4034-A701-F71DCE0F43FB}"
EndProject
Global
	GlobalSection(SolutionConfigurationPlatforms) = preSolution
		Debug|Any CPU = Debug|Any CPU
		Release|Any CPU = Release|Any CPU
	EndGlobalSection
	GlobalSection(ProjectConfigurationPlatforms) = postSolution
		{4D761166-6DF1-415D-A21C-E366B7FF010A}.Debug|Any CPU.ActiveCfg = Debug|Any CPU
		{4D761166-6DF1-415D-A21C-E366B7FF010A}.Debug|Any CPU.Build.0 = Debug|Any CPU
		{4D761166-6DF1-415D-A21C-E366B7FF010A}.Release|Any CPU.ActiveCfg = Release|Any CPU
		{4D761166-6DF1-415D-A21C-E366B7FF010A}.Release|Any CPU.Build.0 = Release|Any CPU
		{56F0CB28-80E5-4AF6-B5EA-0B99C5FFBC0B}.Debug|Any CPU.ActiveCfg = Debug|Any CPU
		{56F0CB28-80E5-4AF6-B5EA-0B99C5FFBC0B}.Debug|Any CPU.Build.0 = Debug|Any CPU
		{56F0CB28-80E5-4AF6-B5EA-0B99C5FFBC0B}.Release|Any CPU.ActiveCfg = Release|Any CPU
		{56F0CB28-80E5-4AF6-B5EA-0B99C5FFBC0B}.Release|Any CPU.Build.0 = Release|Any CPU
		{786D84B5-70A0-4553-8CF1-735A5D106D03}.Debug|Any CPU.ActiveCfg = Debug|Any CPU
		{786D84B5-70A0-4553-8CF1-735A5D106D03}.Debug|Any CPU.Build.0 = Debug|Any CPU
		{786D84B5-70A0-4553-8CF1-735A5D106D03}.Release|Any CPU.ActiveCfg = Release|Any CPU
		{786D84B5-70A0-4553-8CF1-735A5D106D03}.Release|Any CPU.Build.0 = Release|Any CPU
		{7598B1DC-E311-4EC7-AEA3-53BE022451FE}.Debug|Any CPU.ActiveCfg = Debug|Any CPU
		{7598B1DC-E311-4EC7-AEA3-53BE022451FE}.Debug|Any CPU.Build.0 = Debug|Any CPU
		{7598B1DC-E311-4EC7-AEA3-53BE022451FE}.Release|Any CPU.ActiveCfg = Release|Any CPU
		{7598B1DC-E311-4EC7-AEA3-53BE022451FE}.Release|Any CPU.Build.0 = Release|Any CPU
		{EACFBA0B-20FF-4527-B7F1-2E7649DCED24}.Debug|Any CPU.ActiveCfg = Debug|Any CPU
		{EACFBA0B-20FF-4527-B7F1-2E7649DCED24}.Debug|Any CPU.Build.0 = Debug|Any CPU
		{EACFBA0B-20FF-4527-B7F1-2E7649DCED24}.Release|Any CPU.ActiveCfg = Release|Any CPU
		{EACFBA0B-20FF-4527-B7F1-2E7649DCED24}.Release|Any CPU.Build.0 = Release|Any CPU
		{11933423-D328-4153-A25A-56B2B54D39FA}.Debug|Any CPU.ActiveCfg = Debug|Any CPU
		{11933423-D328-4153-A25A-56B2B54D39FA}.Debug|Any CPU.Build.0 = Debug|Any CPU
		{11933423-D328-4153-A25A-56B2B54D39FA}.Release|Any CPU.ActiveCfg = Release|Any CPU
		{11933423-D328-4153-A25A-56B2B54D39FA}.Release|Any CPU.Build.0 = Release|Any CPU
		{D3E5C042-A497-4A4F-9D17-AD901AE56293}.Debug|Any CPU.ActiveCfg = Debug|Any CPU
		{D3E5C042-A497-4A4F-9D17-AD901AE56293}.Debug|Any CPU.Build.0 = Debug|Any CPU
		{D3E5C042-A497-4A4F-9D17-AD901AE56293}.Release|Any CPU.ActiveCfg = Release|Any CPU
		{D3E5C042-A497-4A4F-9D17-AD901AE56293}.Release|Any CPU.Build.0 = Release|Any CPU
		{FB543353-5C11-4034-A701-F71DCE0F43FB}.Debug|Any CPU.ActiveCfg = Debug|Any CPU
		{FB543353-5C11-4034-A701-F71DCE0F43FB}.Debug|Any CPU.Build.0 = Debug|Any CPU
		{FB543353-5C11-4034-A701-F71DCE0F43FB}.Release|Any CPU.ActiveCfg = Release|Any CPU
		{FB543353-5C11-4034-A701-F71DCE0F43FB}.Release|Any CPU.Build.0 = Release|Any CPU
	EndGlobalSection
	GlobalSection(NestedProjects) = preSolution
		{56F0CB28-80E5-4AF6-B5EA-0B99C5FFBC0B} = {8DC8075E-043F-415E-8736-78D6D7A902D5}
		{786D84B5-70A0-4553-8CF1-735A5D106D03} = {8DC8075E-043F-415E-8736-78D6D7A902D5}
		{7598B1DC-E311-4EC7-AEA3-53BE022451FE} = {8DC8075E-043F-415E-8736-78D6D7A902D5}
		{93D24087-8FF3-44ED-AD9E-836B7636B326} = {72B8CBA7-6840-4B97-B3BF-F71CC9B006BE}
		{FEBA24D9-43C2-411B-8447-1DEE76322378} = {72B8CBA7-6840-4B97-B3BF-F71CC9B006BE}
		{7897F40A-FA1E-45D1-AD45-CA33F9C84ABA} = {72B8CBA7-6840-4B97-B3BF-F71CC9B006BE}
		{87B5CB59-6ED2-4072-9845-CC181397FAD6} = {72B8CBA7-6840-4B97-B3BF-F71CC9B006BE}
		{EACFBA0B-20FF-4527-B7F1-2E7649DCED24} = {87B5CB59-6ED2-4072-9845-CC181397FAD6}
		{11933423-D328-4153-A25A-56B2B54D39FA} = {87B5CB59-6ED2-4072-9845-CC181397FAD6}
		{D3E5C042-A497-4A4F-9D17-AD901AE56293} = {FEBA24D9-43C2-411B-8447-1DEE76322378}
		{FB543353-5C11-4034-A701-F71DCE0F43FB} = {FEBA24D9-43C2-411B-8447-1DEE76322378}
	EndGlobalSection
EndGlobal
